
Microsoft Visual Studio Solution File, Format Version 12.00
# Visual Studio Version 16
VisualStudioVersion = 16.0.33027.164
MinimumVisualStudioVersion = 10.0.40219.1
Project("{FAE04EC0-301F-11D3-BF4B-00C04F79EFBC}") = "FileUploadAndShow", "FileUploadAndShow\FileUploadAndShow.csproj", "{9DB19F59-5248-451C-99A1-1355FD95C988}"
EndProject
Global
	GlobalSection(SolutionConfigurationPlatforms) = preSolution
		Debug|Any CPU = Debug|Any CPU
		Release|Any CPU = Release|Any CPU
	EndGlobalSection
	GlobalSection(ProjectConfigurationPlatforms) = postSolution
		{9DB19F59-5248-451C-99A1-1355FD95C988}.Debug|Any CPU.ActiveCfg = Debug|Any CPU
		{9DB19F59-5248-451C-99A1-1355FD95C988}.Debug|Any CPU.Build.0 = Debug|Any CPU
		{9DB19F59-5248-451C-99A1-1355FD95C988}.Release|Any CPU.ActiveCfg = Release|Any CPU
		{9DB19F59-5248-451C-99A1-1355FD95C988}.Release|Any CPU.Build.0 = Release|Any CPU
	EndGlobalSection
	GlobalSection(SolutionProperties) = preSolution
		HideSolutionNode = FALSE
	EndGlobalSection
	GlobalSection(ExtensibilityGlobals) = postSolution
		SolutionGuid = {80E6ECC7-F0BB-42EA-878C-FE10931D9136}
	EndGlobalSection
EndGlobal
